#MicroXplorer Configuration settings - do not modify
Mcu.Family=STM32F4
ProjectManager.MainLocation=Core/Src
PB13.GPIOParameters=GPIO_Label
PA6.Mode=Full_Duplex_Master
USART2.IPParameters=VirtualMode
RCC.CortexFreq_Value=16000000
ProjectManager.KeepUserCode=true
Mcu.UserName=STM32F411CCUx
SPI1.VirtualType=VM_MASTER
SPI2.VirtualType=VM_MASTER
PB10.Mode=Full_Duplex_Master
RCC.PLLCLKFreq_Value=96000000
RCC.PLLQCLKFreq_Value=48000000
ProjectManager.functionlistsort=
PA11.Mode=Device_Only
RCC.RTCFreq_Value=32000
PB0.GPIO_Label=BARO
USART1.IPParameters=VirtualMode
PB13.GPIO_Label=RF_INT2
PB13.Signal=GPIO_Input
PB15.Signal=SPI2_MOSI
PinOutPanel.RotationAngle=0
ProjectManager.StackSize=0x400
Mcu.IP4=SPI2
Mcu.IP5=SYS
NVIC.SVCall_IRQn=true\:0\:0\:false\:false\:true\:false\:false
Mcu.IP2=RCC
Mcu.IP3=SPI1
Mcu.IP0=ADC1
Mcu.IP1=NVIC
PA12.Signal=USB_OTG_FS_DP
Mcu.UserConstants=
PH0\ -\ OSC_IN.Signal=RCC_OSC_IN
SH.S_TIM3_CH2.ConfNb=1
Mcu.ThirdPartyNb=0
SPI1.Direction=SPI_DIRECTION_2LINES
Mcu.IPNb=12
RCC.I2SClocksFreq_Value=96000000
TIM2.IPParameters=Channel-PWM Generation1 CH1
ProjectManager.PreviousToolchain=
PB6.Signal=S_TIM4_CH1
RCC.VcooutputI2S=96000000
SPI1.CalculateBaudRate=8.0 MBits/s
PA8.GPIOParameters=GPIO_Label
Mcu.Pin6=PA2
Mcu.Pin7=PA3
Mcu.Pin8=PA4
Mcu.Pin9=PA5
RCC.AHBFreq_Value=16000000
PB13.Locked=true
Mcu.Pin0=PC13-ANTI_TAMP
Mcu.Pin1=PC14-OSC32_IN
TIM3.Channel-PWM\ Generation1\ CH1=TIM_CHANNEL_1
GPIO.groupedBy=
Mcu.Pin2=PH0 - OSC_IN
Mcu.Pin3=PH1 - OSC_OUT
Mcu.Pin4=PA0-WKUP
Mcu.Pin5=PA1
ADC1.Channel-0\#ChannelRegularConversion=ADC_CHANNEL_0
ProjectManager.ProjectBuild=false
RCC.HSE_VALUE=25000000
NVIC.UsageFault_IRQn=true\:0\:0\:false\:false\:true\:false\:false
NVIC.DebugMonitor_IRQn=true\:0\:0\:false\:false\:true\:false\:false
PB2.Signal=GPIO_Output
PB3.Mode=Trace_Asynchronous_SW
PA8.Locked=true
Mcu.IP10=USART2
PC13-ANTI_TAMP.Signal=GPIO_Output
NVIC.SysTick_IRQn=true\:0\:0\:false\:false\:true\:false\:true
Mcu.IP11=USB_OTG_FS
ProjectManager.FirmwarePackage=STM32Cube FW_F4 V1.25.2
MxDb.Version=DB.6.0.10
PB0.GPIOParameters=GPIO_Label
ProjectManager.BackupPrevious=false
RCC.VCOInputFreq_Value=1000000
PA14.Mode=Trace_Asynchronous_SW
SH.ADCx_IN1.ConfNb=1
PB14.Mode=Full_Duplex_Master
PB1.GPIO_Label=IMU
File.Version=6
SPI2.CalculateBaudRate=8.0 MBits/s
PB7.Signal=GPIO_Output
PB8.Locked=true
PA8.Signal=GPIO_Input
SH.ADCx_IN0.0=ADC1_IN0,IN0
TIM2.Channel-PWM\ Generation1\ CH1=TIM_CHANNEL_1
SH.ADCx_IN4.ConfNb=1
NVIC.PendSV_IRQn=true\:0\:0\:false\:false\:true\:false\:false
SH.S_TIM3_CH1.0=TIM3_CH1,PWM Generation1 CH1
ProjectManager.HalAssertFull=false
PB0.Locked=true
ADC1.SamplingTime-0\#ChannelRegularConversion=ADC_SAMPLETIME_3CYCLES
PC14-OSC32_IN.GPIOParameters=GPIO_Label
ProjectManager.ProjectName=CubeMX1
PB7.GPIO_Label=IO1
Mcu.Package=UFQFPN48
PB9.Signal=GPIO_Output
PB1.Signal=GPIO_Output
PA6.Signal=SPI1_MISO
SPI2.Mode=SPI_MODE_MASTER
USART2.VirtualMode=VM_ASYNC
ProjectManager.ToolChainLocation=
RCC.LSI_VALUE=32000
VP_SYS_VS_Systick.Signal=SYS_VS_Systick
PA10.Signal=USART1_RX
USB_OTG_FS.VirtualMode=Device_Only
PA15.Signal=S_TIM2_CH1_ETR
RCC.PLLSourceVirtualString=RCC_PLLSOURCE_HSI
SH.ADCx_IN1.0=ADC1_IN1,IN1
SH.S_TIM4_CH1.0=TIM4_CH1,PWM Generation1 CH1
NVIC.BusFault_IRQn=true\:0\:0\:false\:false\:true\:false\:false
PC14-OSC32_IN.GPIO_Label=LED2
SPI2.Direction=SPI_DIRECTION_2LINES
USB_OTG_FS.IPParameters=VirtualMode
ProjectManager.CustomerFirmwarePackage=
PC14-OSC32_IN.Locked=true
PB4.Signal=S_TIM3_CH1
PA3.Signal=USART2_RX
PC13-ANTI_TAMP.GPIOParameters=GPIO_Label
PA5.Mode=Full_Duplex_Master
TIM4.Channel-PWM\ Generation1\ CH1=TIM_CHANNEL_1
SH.S_TIM4_CH1.ConfNb=1
ProjectManager.ProjectFileName=CubeMX1.ioc
PB8.GPIOParameters=GPIO_Label
ADC1.Rank-0\#ChannelRegularConversion=1
PA7.Mode=Full_Duplex_Master
PB9.GPIO_Label=PYRO2
Mcu.PinsNb=36
PA10.Mode=Asynchronous
ProjectManager.NoMain=false
SPI1.IPParameters=VirtualType,Mode,Direction,CalculateBaudRate
PC13-ANTI_TAMP.GPIO_Label=LED1
ADC1.IPParameters=Rank-0\#ChannelRegularConversion,master,Channel-0\#ChannelRegularConversion,SamplingTime-0\#ChannelRegularConversion,NbrOfConversionFlag
PH1\ -\ OSC_OUT.Mode=HSE-External-Oscillator
ProjectManager.DefaultFWLocation=true
PB12.Locked=true
ProjectManager.DeletePrevious=true
PC14-OSC32_IN.Signal=GPIO_Output
SH.S_TIM2_CH1_ETR.ConfNb=1
RCC.FamilyName=M
PA0-WKUP.Signal=ADCx_IN0
PB9.GPIOParameters=GPIO_Label
PA3.Mode=Asynchronous
PA13.Signal=SYS_JTMS-SWDIO
PB8.GPIO_Label=PYRO1
PA9.Mode=Asynchronous
PH0\ -\ OSC_IN.Mode=HSE-External-Oscillator
PA8.GPIO_Label=RF_INT1
ProjectManager.TargetToolchain=EWARM V8.32
TIM4.IPParameters=Channel-PWM Generation1 CH1
PB7.GPIOParameters=GPIO_Label
PB2.GPIOParameters=GPIO_Label
PA9.Signal=USART1_TX
PB5.Locked=true
PB9.Locked=true
SPI2.IPParameters=VirtualType,Mode,Direction,CalculateBaudRate
RCC.VCOInputMFreq_Value=1000000
ProjectManager.RegisterCallBack=
RCC.LSE_VALUE=32768
PA1.Signal=ADCx_IN1
PB1.Locked=true
PB10.Signal=SPI2_SCK
RCC.VCOI2SOutputFreq_Value=192000000
PB14.Signal=SPI2_MISO
PA5.Signal=SPI1_SCK
SH.S_TIM3_CH2.0=TIM3_CH2,PWM Generation2 CH2
PH1\ -\ OSC_OUT.Signal=RCC_OSC_OUT
board=custom
RCC.VCOOutputFreq_Value=192000000
PC13-ANTI_TAMP.Locked=true
ProjectManager.LastFirmware=true
PB15.Mode=Full_Duplex_Master
RCC.APB2Freq_Value=16000000
MxCube.Version=6.1.1
Mcu.Pin35=VP_SYS_VS_Systick
SPI1.Mode=SPI_MODE_MASTER
SH.ADCx_IN0.ConfNb=1
Mcu.Pin30=PB5
VP_SYS_VS_Systick.Mode=SysTick
Mcu.Pin33=PB8
TIM3.IPParameters=Channel-PWM Generation1 CH1,Channel-PWM Generation2 CH2
Mcu.Pin34=PB9
Mcu.Pin31=PB6
SH.ADCx_IN4.0=ADC1_IN4,IN4
Mcu.Pin32=PB7
NVIC.NonMaskableInt_IRQn=true\:0\:0\:false\:false\:true\:false\:false
PA13.Mode=Trace_Asynchronous_SW
ProjectManager.FreePins=false
RCC.IPParameters=AHBFreq_Value,APB1Freq_Value,APB2Freq_Value,CortexFreq_Value,FamilyName,HSE_VALUE,HSI_VALUE,I2SClocksFreq_Value,LSE_VALUE,LSI_VALUE,PLLCLKFreq_Value,PLLQCLKFreq_Value,PLLSourceVirtualString,RTCFreq_Value,RTCHSEDivFreq_Value,SYSCLKFreq_VALUE,VCOI2SOutputFreq_Value,VCOInputFreq_Value,VCOInputMFreq_Value,VCOOutputFreq_Value,VcooutputI2S
ProjectManager.AskForMigrate=true
Mcu.Name=STM32F411C(C-E)Ux
Mcu.Pin26=PA14
Mcu.Pin27=PA15
RCC.RTCHSEDivFreq_Value=12500000
PA2.Signal=USART2_TX
Mcu.Pin24=PA12
ProjectManager.UnderRoot=false
Mcu.Pin25=PA13
PB2.Locked=true
Mcu.IP8=TIM4
Mcu.IP9=USART1
Mcu.Pin28=PB3
Mcu.IP6=TIM2
Mcu.Pin29=PB4
Mcu.IP7=TIM3
ProjectManager.CoupleFile=false
PB4.Locked=true
PB3.Signal=SYS_JTDO-SWO
PA4.Signal=ADCx_IN4
RCC.SYSCLKFreq_VALUE=16000000
PB5.Signal=S_TIM3_CH2
Mcu.Pin22=PA10
Mcu.Pin23=PA11
Mcu.Pin20=PA8
ADC1.master=1
Mcu.Pin21=PA9
PA12.Mode=Device_Only
NVIC.ForceEnableDMAVector=true
KeepUserPlacement=false
NVIC.MemoryManagement_IRQn=true\:0\:0\:false\:false\:true\:false\:false
USART1.VirtualMode=VM_ASYNC
ProjectManager.CompilerOptimize=6
PA11.Signal=USB_OTG_FS_DM
SH.S_TIM2_CH1_ETR.0=TIM2_CH1,PWM Generation1 CH1
PA14.Signal=SYS_JTCK-SWCLK
PB2.GPIO_Label=PYRO_EN
ProjectManager.HeapSize=0x200
Mcu.Pin15=PB10
NVIC.HardFault_IRQn=true\:0\:0\:false\:false\:true\:false\:false
Mcu.Pin16=PB12
Mcu.Pin13=PB1
Mcu.Pin14=PB2
Mcu.Pin19=PB15
SH.S_TIM3_CH1.ConfNb=1
ProjectManager.ComputerToolchain=false
Mcu.Pin17=PB13
RCC.HSI_VALUE=16000000
Mcu.Pin18=PB14
NVIC.PriorityGroup=NVIC_PRIORITYGROUP_4
ADC1.NbrOfConversionFlag=1
Mcu.Pin11=PA7
TIM3.Channel-PWM\ Generation2\ CH2=TIM_CHANNEL_2
Mcu.Pin12=PB0
Mcu.Pin10=PA6
PB7.Locked=true
PA2.Mode=Asynchronous
PB8.Signal=GPIO_Output
RCC.APB1Freq_Value=16000000
PB0.Signal=GPIO_Output
ProjectManager.DeviceId=STM32F411CCUx
PB12.Signal=GPIO_Output
ProjectManager.LibraryCopy=0
PB1.GPIOParameters=GPIO_Label
PA7.Signal=SPI1_MOSI
